<?xml version="1.0" encoding="utf-8"?>
<Project ToolsVersion="4.0" xmlns="http://schemas.microsoft.com/developer/msbuild/2003">
  <ItemGroup>
    <Filter Include="Source Files">
      <UniqueIdentifier>{4FC737F1-C7A5-4376-A066-2A32D752A2FF}</UniqueIdentifier>
      <Extensions>cpp;c;cc;cxx;c++;cppm;ixx;def;odl;idl;hpj;bat;asm;asmx</Extensions>
    </Filter>
    <Filter Include="Header Files">
      <UniqueIdentifier>{93995380-89BD-4b04-88EB-625FBE52EBFB}</UniqueIdentifier>
      <Extensions>h;hh;hpp;hxx;h++;hm;inl;inc;ipp;xsd</Extensions>
    </Filter>
    <Filter Include="Resource Files">
      <UniqueIdentifier>{67DA6AB6-F800-4c08-8B7A-83BB121AAD01}</UniqueIdentifier>
      <Extensions>rc;ico;cur;bmp;dlg;rc2;rct;bin;rgs;gif;jpg;jpeg;jpe;resx;tiff;tif;png;wav;mfcribbon-ms</Extensions>
    </Filter>
    <Filter Include="Header Files\pch">
      <UniqueIdentifier>{16352123-c714-46c4-b36d-532c45e2f81a}</UniqueIdentifier>
    </Filter>
    <Filter Include="Header Files\Resource">
      <UniqueIdentifier>{0cdcf628-04f2-45d9-8ad5-715e943c9d80}</UniqueIdentifier>
    </Filter>
    <Filter Include="Source Files\pch">
      <UniqueIdentifier>{2a49ec79-c8d8-480c-a415-28a0b3261737}</UniqueIdentifier>
    </Filter>
    <Filter Include="Source Files\LaucherWindow">
      <UniqueIdentifier>{5a3198cb-8722-4f0d-9218-40c144e8d33e}</UniqueIdentifier>
    </Filter>
    <Filter Include="Source Files\Interface">
      <UniqueIdentifier>{951ba25f-f559-49e8-9785-3b2eabbd006d}</UniqueIdentifier>
    </Filter>
  </ItemGroup>
  <ItemGroup>
    <ClInclude Include="MuOnlinelauncher.h">
      <Filter>Header Files</Filter>
    </ClInclude>
    <ClInclude Include="framework.h">
      <Filter>Header Files\pch</Filter>
    </ClInclude>
    <ClInclude Include="pch.h">
      <Filter>Header Files\pch</Filter>
    </ClInclude>
    <ClInclude Include="targetver.h">
      <Filter>Header Files\pch</Filter>
    </ClInclude>
    <ClInclude Include="Resource.h">
      <Filter>Header Files\Resource</Filter>
    </ClInclude>
    <ClInclude Include="defines.h">
      <Filter>Header Files</Filter>
    </ClInclude>
    <ClInclude Include="LauncherWindow.h">
      <Filter>Source Files\LaucherWindow</Filter>
    </ClInclude>
    <ClInclude Include="Images.h">
      <Filter>Source Files\Interface</Filter>
    </ClInclude>
  </ItemGroup>
  <ItemGroup>
    <ClCompile Include="MuOnlinelauncher.cpp">
      <Filter>Source Files</Filter>
    </ClCompile>
    <ClCompile Include="pch.cpp">
      <Filter>Source Files\pch</Filter>
    </ClCompile>
    <ClCompile Include="LauncherWindow.cpp">
      <Filter>Source Files\LaucherWindow</Filter>
    </ClCompile>
    <ClCompile Include="Images.cpp">
      <Filter>Source Files\Interface</Filter>
    </ClCompile>
  </ItemGroup>
  <ItemGroup>
    <ResourceCompile Include="MuOnlinelauncher.rc">
      <Filter>Resource Files</Filter>
    </ResourceCompile>
  </ItemGroup>
  <ItemGroup>
    <Image Include="small.ico">
      <Filter>Resource Files</Filter>
    </Image>
    <Image Include="MuOnlinelauncher.ico">
      <Filter>Resource Files</Filter>
    </Image>
    <Image Include="..\build\x64\Debug\bg_launcher.png">
      <Filter>Resource Files</Filter>
    </Image>
  </ItemGroup>
</Project>